// !$*UTF8*$!
{
	archiveVersion = 1;
	classes = {
	};
	objectVersion = 46;
	objects = {

/* Begin PBXBuildFile section */
		1B1052381CB3AFBC00BC1149 /* FirstViewController.swift in Sources */ = {isa = PBXBuildFile; fileRef = 1B1052371CB3AFBC00BC1149 /* FirstViewController.swift */; };
		1B1C9BED1CB1B02E00D25928 /* SecondViewController.swift in Sources */ = {isa = PBXBuildFile; fileRef = 1B1C9BEC1CB1B02E00D25928 /* SecondViewController.swift */; };
		1B1C9BF01CB1B63900D25928 /* RayonTableViewController.swift in Sources */ = {isa = PBXBuildFile; fileRef = 1B1C9BEF1CB1B63900D25928 /* RayonTableViewController.swift */; };
		1BC597AC1CAADF240067AF2D /* TestFirstTableViewController.swift in Sources */ = {isa = PBXBuildFile; fileRef = 1BC597AB1CAADF240067AF2D /* TestFirstTableViewController.swift */; };
		1BCD52D71CA4666500DD4C49 /* TableViewCell.swift in Sources */ = {isa = PBXBuildFile; fileRef = 1BCD52D61CA4666500DD4C49 /* TableViewCell.swift */; };
		1BCE4D4D1C806A7F00DF6306 /* AppDelegate.swift in Sources */ = {isa = PBXBuildFile; fileRef = 1BCE4D4C1C806A7F00DF6306 /* AppDelegate.swift */; };
		1BCE4D521C806A7F00DF6306 /* Main.storyboard in Resources */ = {isa = PBXBuildFile; fileRef = 1BCE4D501C806A7F00DF6306 /* Main.storyboard */; };
		1BCE4D541C806A7F00DF6306 /* Assets.xcassets in Resources */ = {isa = PBXBuildFile; fileRef = 1BCE4D531C806A7F00DF6306 /* Assets.xcassets */; };
		1BCE4D571C806A7F00DF6306 /* LaunchScreen.storyboard in Resources */ = {isa = PBXBuildFile; fileRef = 1BCE4D551C806A7F00DF6306 /* LaunchScreen.storyboard */; };
		1BEE86FB1CB63AB000F3BB86 /* MapRayonViewController.swift in Sources */ = {isa = PBXBuildFile; fileRef = 1BEE86FA1CB63AB000F3BB86 /* MapRayonViewController.swift */; };
		56F1475491E6066A94B105DE /* Pods_FBTestApp2.framework in Frameworks */ = {isa = PBXBuildFile; fileRef = B409CB2367920BAFD7CCC0BF /* Pods_FBTestApp2.framework */; };
/* End PBXBuildFile section */

/* Begin PBXFileReference section */
		1B1052371CB3AFBC00BC1149 /* FirstViewController.swift */ = {isa = PBXFileReference; fileEncoding = 4; lastKnownFileType = sourcecode.swift; path = FirstViewController.swift; sourceTree = "<group>"; };
		1B1C9BEC1CB1B02E00D25928 /* SecondViewController.swift */ = {isa = PBXFileReference; fileEncoding = 4; lastKnownFileType = sourcecode.swift; path = SecondViewController.swift; sourceTree = "<group>"; };
		1B1C9BEF1CB1B63900D25928 /* RayonTableViewController.swift */ = {isa = PBXFileReference; fileEncoding = 4; lastKnownFileType = sourcecode.swift; path = RayonTableViewController.swift; sourceTree = "<group>"; };
		1BC597AB1CAADF240067AF2D /* TestFirstTableViewController.swift */ = {isa = PBXFileReference; fileEncoding = 4; lastKnownFileType = sourcecode.swift; path = TestFirstTableViewController.swift; sourceTree = "<group>"; };
		1BCD52D61CA4666500DD4C49 /* TableViewCell.swift */ = {isa = PBXFileReference; fileEncoding = 4; lastKnownFileType = sourcecode.swift; name = TableViewCell.swift; path = FBTestApp2/TableViewCell.swift; sourceTree = "<group>"; };
		1BCE4D491C806A7F00DF6306 /* Dag Karer.app */ = {isa = PBXFileReference; explicitFileType = wrapper.application; includeInIndex = 0; path = "Dag Karer.app"; sourceTree = BUILT_PRODUCTS_DIR; };
		1BCE4D4C1C806A7F00DF6306 /* AppDelegate.swift */ = {isa = PBXFileReference; lastKnownFileType = sourcecode.swift; path = AppDelegate.swift; sourceTree = "<group>"; };
		1BCE4D511C806A7F00DF6306 /* Base */ = {isa = PBXFileReference; lastKnownFileType = file.storyboard; name = Base; path = Base.lproj/Main.storyboard; sourceTree = "<group>"; };
		1BCE4D531C806A7F00DF6306 /* Assets.xcassets */ = {isa = PBXFileReference; lastKnownFileType = folder.assetcatalog; path = Assets.xcassets; sourceTree = "<group>"; };
		1BCE4D561C806A7F00DF6306 /* Base */ = {isa = PBXFileReference; lastKnownFileType = file.storyboard; name = Base; path = Base.lproj/LaunchScreen.storyboard; sourceTree = "<group>"; };
		1BCE4D581C806A7F00DF6306 /* Info.plist */ = {isa = PBXFileReference; lastKnownFileType = text.plist.xml; path = Info.plist; sourceTree = "<group>"; };
		1BEE86FA1CB63AB000F3BB86 /* MapRayonViewController.swift */ = {isa = PBXFileReference; fileEncoding = 4; lastKnownFileType = sourcecode.swift; path = MapRayonViewController.swift; sourceTree = "<group>"; };
		97FBB5A0ADE403E6253F4719 /* Pods-FBTestApp2.release.xcconfig */ = {isa = PBXFileReference; includeInIndex = 1; lastKnownFileType = text.xcconfig; name = "Pods-FBTestApp2.release.xcconfig"; path = "Pods/Target Support Files/Pods-FBTestApp2/Pods-FBTestApp2.release.xcconfig"; sourceTree = "<group>"; };
		B409CB2367920BAFD7CCC0BF /* Pods_FBTestApp2.framework */ = {isa = PBXFileReference; explicitFileType = wrapper.framework; includeInIndex = 0; path = Pods_FBTestApp2.framework; sourceTree = BUILT_PRODUCTS_DIR; };
		D3AC94A50B4731E5085D92AB /* Pods-FBTestApp2.debug.xcconfig */ = {isa = PBXFileReference; includeInIndex = 1; lastKnownFileType = text.xcconfig; name = "Pods-FBTestApp2.debug.xcconfig"; path = "Pods/Target Support Files/Pods-FBTestApp2/Pods-FBTestApp2.debug.xcconfig"; sourceTree = "<group>"; };
/* End PBXFileReference section */

/* Begin PBXFrameworksBuildPhase section */
		1BCE4D461C806A7F00DF6306 /* Frameworks */ = {
			isa = PBXFrameworksBuildPhase;
			buildActionMask = 2147483647;
			files = (
				56F1475491E6066A94B105DE /* Pods_FBTestApp2.framework in Frameworks */,
			);
			runOnlyForDeploymentPostprocessing = 0;
		};
/* End PBXFrameworksBuildPhase section */

/* Begin PBXGroup section */
		06B1010F55FB714B584C3CB1 /* Pods */ = {
			isa = PBXGroup;
			children = (
				D3AC94A50B4731E5085D92AB /* Pods-FBTestApp2.debug.xcconfig */,
				97FBB5A0ADE403E6253F4719 /* Pods-FBTestApp2.release.xcconfig */,
			);
			name = Pods;
			sourceTree = "<group>";
		};
		1B1052361CB3AFA900BC1149 /* firstVC */ = {
			isa = PBXGroup;
			children = (
				1B1052371CB3AFBC00BC1149 /* FirstViewController.swift */,
			);
			name = firstVC;
			sourceTree = "<group>";
		};
		1B1C9BEE1CB1B62C00D25928 /* rayons */ = {
			isa = PBXGroup;
			children = (
				1B1C9BEF1CB1B63900D25928 /* RayonTableViewController.swift */,
			);
			name = rayons;
			sourceTree = "<group>";
		};
		1BC597AA1CAADF010067AF2D /* location in Rayons */ = {
			isa = PBXGroup;
			children = (
				1BC597AB1CAADF240067AF2D /* TestFirstTableViewController.swift */,
				1B1C9BEC1CB1B02E00D25928 /* SecondViewController.swift */,
				1BCD52D61CA4666500DD4C49 /* TableViewCell.swift */,
			);
			name = "location in Rayons";
			sourceTree = "<group>";
		};
		1BC597AD1CAADFAE0067AF2D /* other */ = {
			isa = PBXGroup;
			children = (
				1BCE4D4C1C806A7F00DF6306 /* AppDelegate.swift */,
				1BCE4D531C806A7F00DF6306 /* Assets.xcassets */,
				1BCE4D581C806A7F00DF6306 /* Info.plist */,
			);
			name = other;
			sourceTree = "<group>";
		};
		1BCE4D401C806A7F00DF6306 = {
			isa = PBXGroup;
			children = (
				1BEE86F91CB63A9500F3BB86 /* MapViewRayon */,
				1B1052361CB3AFA900BC1149 /* firstVC */,
				1B1C9BEE1CB1B62C00D25928 /* rayons */,
				1BC597AA1CAADF010067AF2D /* location in Rayons */,
				1BCE4D4B1C806A7F00DF6306 /* FBTestApp2 */,
				1BCE4D4A1C806A7F00DF6306 /* Products */,
				06B1010F55FB714B584C3CB1 /* Pods */,
				D6DC80907595662B079D6B1E /* Frameworks */,
			);
			sourceTree = "<group>";
		};
		1BCE4D4A1C806A7F00DF6306 /* Products */ = {
			isa = PBXGroup;
			children = (
				1BCE4D491C806A7F00DF6306 /* Dag Karer.app */,
			);
			name = Products;
			sourceTree = "<group>";
		};
		1BCE4D4B1C806A7F00DF6306 /* FBTestApp2 */ = {
			isa = PBXGroup;
			children = (
				1BCE4D501C806A7F00DF6306 /* Main.storyboard */,
				1BCE4D551C806A7F00DF6306 /* LaunchScreen.storyboard */,
				1BC597AD1CAADFAE0067AF2D /* other */,
			);
			path = FBTestApp2;
			sourceTree = "<group>";
		};
		1BEE86F91CB63A9500F3BB86 /* MapViewRayon */ = {
			isa = PBXGroup;
			children = (
				1BEE86FA1CB63AB000F3BB86 /* MapRayonViewController.swift */,
			);
			name = MapViewRayon;
			sourceTree = "<group>";
		};
		D6DC80907595662B079D6B1E /* Frameworks */ = {
			isa = PBXGroup;
			children = (
				B409CB2367920BAFD7CCC0BF /* Pods_FBTestApp2.framework */,
			);
			name = Frameworks;
			sourceTree = "<group>";
		};
/* End PBXGroup section */

/* Begin PBXNativeTarget section */
		1BCE4D481C806A7F00DF6306 /* Dag Karer */ = {
			isa = PBXNativeTarget;
			buildConfigurationList = 1BCE4D5B1C806A7F00DF6306 /* Build configuration list for PBXNativeTarget "Dag Karer" */;
			buildPhases = (
				31EBD66CB756B31BD8F21884 /* Check Pods Manifest.lock */,
				1BCE4D451C806A7F00DF6306 /* Sources */,
				1BCE4D461C806A7F00DF6306 /* Frameworks */,
				1BCE4D471C806A7F00DF6306 /* Resources */,
				DE2AFC4F141E21D6E5F649C8 /* Embed Pods Frameworks */,
				CAF350577D71ACD770DCD43A /* Copy Pods Resources */,
			);
			buildRules = (
			);
			dependencies = (
			);
			name = "Dag Karer";
			productName = FBTestApp2;
			productReference = 1BCE4D491C806A7F00DF6306 /* Dag Karer.app */;
			productType = "com.apple.product-type.application";
		};
/* End PBXNativeTarget section */

/* Begin PBXProject section */
		1BCE4D411C806A7F00DF6306 /* Project object */ = {
			isa = PBXProject;
			attributes = {
				LastSwiftUpdateCheck = 0720;
				LastUpgradeCheck = 0720;
				ORGANIZATIONNAME = Muaviya;
				TargetAttributes = {
					1BCE4D481C806A7F00DF6306 = {
						CreatedOnToolsVersion = 7.2.1;
						DevelopmentTeam = 2RW344KDF2;
					};
				};
			};
			buildConfigurationList = 1BCE4D441C806A7F00DF6306 /* Build configuration list for PBXProject "Dag Karer" */;
			compatibilityVersion = "Xcode 3.2";
			developmentRegion = English;
			hasScannedForEncodings = 0;
			knownRegions = (
				en,
				Base,
			);
			mainGroup = 1BCE4D401C806A7F00DF6306;
			productRefGroup = 1BCE4D4A1C806A7F00DF6306 /* Products */;
			projectDirPath = "";
			projectRoot = "";
			targets = (
				1BCE4D481C806A7F00DF6306 /* Dag Karer */,
			);
		};
/* End PBXProject section */

/* Begin PBXResourcesBuildPhase section */
		1BCE4D471C806A7F00DF6306 /* Resources */ = {
			isa = PBXResourcesBuildPhase;
			buildActionMask = 2147483647;
			files = (
				1BCE4D571C806A7F00DF6306 /* LaunchScreen.storyboard in Resources */,
				1BCE4D541C806A7F00DF6306 /* Assets.xcassets in Resources */,
				1BCE4D521C806A7F00DF6306 /* Main.storyboard in Resources */,
			);
			runOnlyForDeploymentPostprocessing = 0;
		};
/* End PBXResourcesBuildPhase section */

/* Begin PBXShellScriptBuildPhase section */
		31EBD66CB756B31BD8F21884 /* Check Pods Manifest.lock */ = {
			isa = PBXShellScriptBuildPhase;
			buildActionMask = 2147483647;
			files = (
			);
			inputPaths = (
			);
			name = "Check Pods Manifest.lock";
			outputPaths = (
			);
			runOnlyForDeploymentPostprocessing = 0;
			shellPath = /bin/sh;
			shellScript = "diff \"${PODS_ROOT}/../Podfile.lock\" \"${PODS_ROOT}/Manifest.lock\" > /dev/null\nif [[ $? != 0 ]] ; then\n    cat << EOM\nerror: The sandbox is not in sync with the Podfile.lock. Run 'pod install' or update your CocoaPods installation.\nEOM\n    exit 1\nfi\n";
			showEnvVarsInLog = 0;
		};
		CAF350577D71ACD770DCD43A /* Copy Pods Resources */ = {
			isa = PBXShellScriptBuildPhase;
			buildActionMask = 2147483647;
			files = (
			);
			inputPaths = (
			);
			name = "Copy Pods Resources";
			outputPaths = (
			);
			runOnlyForDeploymentPostprocessing = 0;
			shellPath = /bin/sh;
			shellScript = "\"${SRCROOT}/Pods/Target Support Files/Pods-FBTestApp2/Pods-FBTestApp2-resources.sh\"\n";
			showEnvVarsInLog = 0;
		};
		DE2AFC4F141E21D6E5F649C8 /* Embed Pods Frameworks */ = {
			isa = PBXShellScriptBuildPhase;
			buildActionMask = 2147483647;
			files = (
			);
			inputPaths = (
			);
			name = "Embed Pods Frameworks";
			outputPaths = (
			);
			runOnlyForDeploymentPostprocessing = 0;
			shellPath = /bin/sh;
			shellScript = "\"${SRCROOT}/Pods/Target Support Files/Pods-FBTestApp2/Pods-FBTestApp2-frameworks.sh\"\n";
			showEnvVarsInLog = 0;
		};
/* End PBXShellScriptBuildPhase section */

/* Begin PBXSourcesBuildPhase section */
		1BCE4D451C806A7F00DF6306 /* Sources */ = {
			isa = PBXSourcesBuildPhase;
			buildActionMask = 2147483647;
			files = (
				1B1C9BED1CB1B02E00D25928 /* SecondViewController.swift in Sources */,
				1B1C9BF01CB1B63900D25928 /* RayonTableViewController.swift in Sources */,
				1BCD52D71CA4666500DD4C49 /* TableViewCell.swift in Sources */,
				1B1052381CB3AFBC00BC1149 /* FirstViewController.swift in Sources */,
				1BEE86FB1CB63AB000F3BB86 /* MapRayonViewController.swift in Sources */,
				1BCE4D4D1C806A7F00DF6306 /* AppDelegate.swift in Sources */,
				1BC597AC1CAADF240067AF2D /* TestFirstTableViewController.swift in Sources */,
			);
			runOnlyForDeploymentPostprocessing = 0;
		};
/* End PBXSourcesBuildPhase section */

/* Begin PBXVariantGroup section */
		1BCE4D501C806A7F00DF6306 /* Main.storyboard */ = {
			isa = PBXVariantGroup;
			children = (
				1BCE4D511C806A7F00DF6306 /* Base */,
			);
			name = Main.storyboard;
			sourceTree = "<group>";
		};
		1BCE4D551C806A7F00DF6306 /* LaunchScreen.storyboard */ = {
			isa = PBXVariantGroup;
			children = (
				1BCE4D561C806A7F00DF6306 /* Base */,
			);
			name = LaunchScreen.storyboard;
			sourceTree = "<group>";
		};
/* End PBXVariantGroup section */

/* Begin XCBuildConfiguration section */
		1BCE4D591C806A7F00DF6306 /* Debug */ = {
			isa = XCBuildConfiguration;
			buildSettings = {
				ALWAYS_SEARCH_USER_PATHS = NO;
				CLANG_CXX_LANGUAGE_STANDARD = "gnu++0x";
				CLANG_CXX_LIBRARY = "libc++";
				CLANG_ENABLE_MODULES = YES;
				CLANG_ENABLE_OBJC_ARC = YES;
				CLANG_WARN_BOOL_CONVERSION = YES;
				CLANG_WARN_CONSTANT_CONVERSION = YES;
				CLANG_WARN_DIRECT_OBJC_ISA_USAGE = YES_ERROR;
				CLANG_WARN_EMPTY_BODY = YES;
				CLANG_WARN_ENUM_CONVERSION = YES;
				CLANG_WARN_INT_CONVERSION = YES;
				CLANG_WARN_OBJC_ROOT_CLASS = YES_ERROR;
				CLANG_WARN_UNREACHABLE_CODE = YES;
				CLANG_WARN__DUPLICATE_METHOD_MATCH = YES;
				"CODE_SIGN_IDENTITY[sdk=iphoneos*]" = "iPhone Developer";
				COPY_PHASE_STRIP = NO;
				DEBUG_INFORMATION_FORMAT = dwarf;
				ENABLE_STRICT_OBJC_MSGSEND = YES;
				ENABLE_TESTABILITY = YES;
				GCC_C_LANGUAGE_STANDARD = gnu99;
				GCC_DYNAMIC_NO_PIC = NO;
				GCC_NO_COMMON_BLOCKS = YES;
				GCC_OPTIMIZATION_LEVEL = 0;
				GCC_PREPROCESSOR_DEFINITIONS = (
					"DEBUG=1",
					"$(inherited)",
				);
				GCC_WARN_64_TO_32_BIT_CONVERSION = YES;
				GCC_WARN_ABOUT_RETURN_TYPE = YES_ERROR;
				GCC_WARN_UNDECLARED_SELECTOR = YES;
				GCC_WARN_UNINITIALIZED_AUTOS = YES_AGGRESSIVE;
				GCC_WARN_UNUSED_FUNCTION = YES;
				GCC_WARN_UNUSED_VARIABLE = YES;
				IPHONEOS_DEPLOYMENT_TARGET = 9.2;
				MTL_ENABLE_DEBUG_INFO = YES;
				ONLY_ACTIVE_ARCH = YES;
				SDKROOT = iphoneos;
				SWIFT_OPTIMIZATION_LEVEL = "-Onone";
			};
			name = Debug;
		};
		1BCE4D5A1C806A7F00DF6306 /* Release */ = {
			isa = XCBuildConfiguration;
			buildSettings = {
				ALWAYS_SEARCH_USER_PATHS = NO;
				CLANG_CXX_LANGUAGE_STANDARD = "gnu++0x";
				CLANG_CXX_LIBRARY = "libc++";
				CLANG_ENABLE_MODULES = YES;
				CLANG_ENABLE_OBJC_ARC = YES;
				CLANG_WARN_BOOL_CONVERSION = YES;
				CLANG_WARN_CONSTANT_CONVERSION = YES;
				CLANG_WARN_DIRECT_OBJC_ISA_USAGE = YES_ERROR;
				CLANG_WARN_EMPTY_BODY = YES;
				CLANG_WARN_ENUM_CONVERSION = YES;
				CLANG_WARN_INT_CONVERSION = YES;
				CLANG_WARN_OBJC_ROOT_CLASS = YES_ERROR;
				CLANG_WARN_UNREACHABLE_CODE = YES;
				CLANG_WARN__DUPLICATE_METHOD_MATCH = YES;
				"CODE_SIGN_IDENTITY[sdk=iphoneos*]" = "iPhone Developer";
				COPY_PHASE_STRIP = NO;
				DEBUG_INFORMATION_FORMAT = "dwarf-with-dsym";
				ENABLE_NS_ASSERTIONS = NO;
				ENABLE_STRICT_OBJC_MSGSEND = YES;
				GCC_C_LANGUAGE_STANDARD = gnu99;
				GCC_NO_COMMON_BLOCKS = YES;
				GCC_WARN_64_TO_32_BIT_CONVERSION = YES;
				GCC_WARN_ABOUT_RETURN_TYPE = YES_ERROR;
				GCC_WARN_UNDECLARED_SELECTOR = YES;
				GCC_WARN_UNINITIALIZED_AUTOS = YES_AGGRESSIVE;
				GCC_WARN_UNUSED_FUNCTION = YES;
				GCC_WARN_UNUSED_VARIABLE = YES;
				IPHONEOS_DEPLOYMENT_TARGET = 9.2;
				MTL_ENABLE_DEBUG_INFO = NO;
				SDKROOT = iphoneos;
				VALIDATE_PRODUCT = YES;
			};
			name = Release;
		};
		1BCE4D5C1C806A7F00DF6306 /* Debug */ = {
			isa = XCBuildConfiguration;
			baseConfigurationReference = D3AC94A50B4731E5085D92AB /* Pods-FBTestApp2.debug.xcconfig */;
			buildSettings = {
				ASSETCATALOG_COMPILER_APPICON_NAME = AppIcon;
				INFOPLIST_FILE = FBTestApp2/Info.plist;
				LD_RUNPATH_SEARCH_PATHS = "$(inherited) @executable_path/Frameworks";
				PRODUCT_BUNDLE_IDENTIFIER = "-.FBTestApp2";
				PRODUCT_NAME = "Dag Karer";
			};
			name = Debug;
		};
		1BCE4D5D1C806A7F00DF6306 /* Release */ = {
			isa = XCBuildConfiguration;
			baseConfigurationReference = 97FBB5A0ADE403E6253F4719 /* Pods-FBTestApp2.release.xcconfig */;
			buildSettings = {
				ASSETCATALOG_COMPILER_APPICON_NAME = AppIcon;
				INFOPLIST_FILE = FBTestApp2/Info.plist;
				LD_RUNPATH_SEARCH_PATHS = "$(inherited) @executable_path/Frameworks";
				PRODUCT_BUNDLE_IDENTIFIER = "-.FBTestApp2";
				PRODUCT_NAME = "Dag Karer";
			};
			name = Release;
		};
/* End XCBuildConfiguration section */

/* Begin XCConfigurationList section */
		1BCE4D441C806A7F00DF6306 /* Build configuration list for PBXProject "Dag Karer" */ = {
			isa = XCConfigurationList;
			buildConfigurations = (
				1BCE4D591C806A7F00DF6306 /* Debug */,
				1BCE4D5A1C806A7F00DF6306 /* Release */,
			);
			defaultConfigurationIsVisible = 0;
			defaultConfigurationName = Release;
		};
		1BCE4D5B1C806A7F00DF6306 /* Build configuration list for PBXNativeTarget "Dag Karer" */ = {
			isa = XCConfigurationList;
			buildConfigurations = (
				1BCE4D5C1C806A7F00DF6306 /* Debug */,
				1BCE4D5D1C806A7F00DF6306 /* Release */,
			);
			defaultConfigurationIsVisible = 0;
			defaultConfigurationName = Release;
		};
/* End XCConfigurationList section */
	};
	rootObject = 1BCE4D411C806A7F00DF6306 /* Project object */;
}
